
Microsoft Visual Studio Solution File, Format Version 12.00
# Visual Studio Version 17
VisualStudioVersion = 17.6.33723.286
MinimumVisualStudioVersion = 10.0.40219.1
Project("{FAE04EC0-301F-11D3-BF4B-00C04F79EFBC}") = "RestFulAPI", "RestFulAPI.csproj", "{948FB766-13A2-4C26-818D-DC5809D9A33D}"
EndProject
Global
	GlobalSection(SolutionConfigurationPlatforms) = preSolution
		Debug|Any CPU = Debug|Any CPU
		Release|Any CPU = Release|Any CPU
	EndGlobalSection
	GlobalSection(ProjectConfigurationPlatforms) = postSolution
		{948FB766-13A2-4C26-818D-DC5809D9A33D}.Debug|Any CPU.ActiveCfg = Debug|Any CPU
		{948FB766-13A2-4C26-818D-DC5809D9A33D}.Debug|Any CPU.Build.0 = Debug|Any CPU
		{948FB766-13A2-4C26-818D-DC5809D9A33D}.Release|Any CPU.ActiveCfg = Release|Any CPU
		{948FB766-13A2-4C26-818D-DC5809D9A33D}.Release|Any CPU.Build.0 = Release|Any CPU
	EndGlobalSection
	GlobalSection(SolutionProperties) = preSolution
		HideSolutionNode = FALSE
	EndGlobalSection
	GlobalSection(ExtensibilityGlobals) = postSolution
		SolutionGuid = {8834C11E-F8B5-4B7B-9287-D3BA7970B6CF}
	EndGlobalSection
EndGlobal
